{
  "name": "hvrdb",
  "version": "1.0.0",
  "lockfileVersion": 2,
  "requires": true,
  "packages": {
    "": {
      "name": "hvrdb",
      "version": "1.0.0",
      "license": "ISC",
      "dependencies": {
        "csv": "^6.2.5",
        "csv-writer": "^1.6.0",
        "fs": "0.0.1-security",
        "typescript": "^4.9.4"
      },
      "devDependencies": {
        "@types/node": "^18.11.18"
      }
    },
    "node_modules/@types/node": {
      "version": "18.11.18",
      "resolved": "https://registry.npmjs.org/@types/node/-/node-18.11.18.tgz",
      "integrity": "sha512-DHQpWGjyQKSHj3ebjFI/wRKcqQcdR+MoFBygntYOZytCqNfkd2ZC4ARDJ2DQqhjH5p85Nnd3jhUJIXrszFX/JA==",
      "dev": true
    },
    "node_modules/csv": {
      "version": "6.2.5",
      "resolved": "https://registry.npmjs.org/csv/-/csv-6.2.5.tgz",
      "integrity": "sha512-T+K0H7MIrlrnP6KxYKo3lK+uLl6OC2Gmwdd81TG/VdkhKvpatl35sR7tyRSpDLGl22y2T+q9KvNHnVtn4OAscQ==",
      "dependencies": {
        "csv-generate": "^4.2.1",
        "csv-parse": "^5.3.3",
        "csv-stringify": "^6.2.3",
        "stream-transform": "^3.2.1"
      },
      "engines": {
        "node": ">= 0.1.90"
      }
    },
    "node_modules/csv-generate": {
      "version": "4.2.1",
      "resolved": "https://registry.npmjs.org/csv-generate/-/csv-generate-4.2.1.tgz",
      "integrity": "sha512-w6GFHjvApv6bcJ2xdi9JGsH6ZvUBfC+vUdfefnEzurXG6hMRwzkBLnhztU2H7v7+zfCk1I/knnQ+tGbgpxWrBw=="
    },
    "node_modules/csv-parse": {
      "version": "5.3.3",
      "resolved": "https://registry.npmjs.org/csv-parse/-/csv-parse-5.3.3.tgz",
      "integrity": "sha512-kEWkAPleNEdhFNkHQpFHu9RYPogsFj3dx6bCxL847fsiLgidzWg0z/O0B1kVWMJUc5ky64zGp18LX2T3DQrOfw=="
    },
    "node_modules/csv-stringify": {
      "version": "6.2.3",
      "resolved": "https://registry.npmjs.org/csv-stringify/-/csv-stringify-6.2.3.tgz",
      "integrity": "sha512-4qGjUMwnlaRc00gc2jrIYh2w/h1fo25B0mTuY9K8fBiIgtmCX3LcgUbrEGViL98Ci4Se/F5LFEtu8k+dItJVZQ=="
    },
    "node_modules/csv-writer": {
      "version": "1.6.0",
      "resolved": "https://registry.npmjs.org/csv-writer/-/csv-writer-1.6.0.tgz",
      "integrity": "sha512-NOx7YDFWEsM/fTRAJjRpPp8t+MKRVvniAg9wQlUKx20MFrPs73WLJhFf5iteqrxNYnsy924K3Iroh3yNHeYd2g=="
    },
    "node_modules/fs": {
      "version": "0.0.1-security",
      "resolved": "https://registry.npmjs.org/fs/-/fs-0.0.1-security.tgz",
      "integrity": "sha512-3XY9e1pP0CVEUCdj5BmfIZxRBTSDycnbqhIOGec9QYtmVH2fbLpj86CFWkrNOkt/Fvty4KZG5lTglL9j/gJ87w=="
    },
    "node_modules/stream-transform": {
      "version": "3.2.1",
      "resolved": "https://registry.npmjs.org/stream-transform/-/stream-transform-3.2.1.tgz",
      "integrity": "sha512-ApK+WTJ5bCOf0A2tlec1qhvr8bGEBM/sgXXB7mysdCYgZJO5DZeaV3h3G+g0HnAQ372P5IhiGqnW29zoLOfTzQ=="
    },
    "node_modules/typescript": {
      "version": "4.9.4",
      "resolved": "https://registry.npmjs.org/typescript/-/typescript-4.9.4.tgz",
      "integrity": "sha512-Uz+dTXYzxXXbsFpM86Wh3dKCxrQqUcVMxwU54orwlJjOpO3ao8L7j5lH+dWfTwgCwIuM9GQ2kvVotzYJMXTBZg==",
      "bin": {
        "tsc": "bin/tsc",
        "tsserver": "bin/tsserver"
      },
      "engines": {
        "node": ">=4.2.0"
      }
    }
  },
  "dependencies": {
    "@types/node": {
      "version": "18.11.18",
      "resolved": "https://registry.npmjs.org/@types/node/-/node-18.11.18.tgz",
      "integrity": "sha512-DHQpWGjyQKSHj3ebjFI/wRKcqQcdR+MoFBygntYOZytCqNfkd2ZC4ARDJ2DQqhjH5p85Nnd3jhUJIXrszFX/JA==",
      "dev": true
    },
    "csv": {
      "version": "6.2.5",
      "resolved": "https://registry.npmjs.org/csv/-/csv-6.2.5.tgz",
      "integrity": "sha512-T+K0H7MIrlrnP6KxYKo3lK+uLl6OC2Gmwdd81TG/VdkhKvpatl35sR7tyRSpDLGl22y2T+q9KvNHnVtn4OAscQ==",
      "requires": {
        "csv-generate": "^4.2.1",
        "csv-parse": "^5.3.3",
        "csv-stringify": "^6.2.3",
        "stream-transform": "^3.2.1"
      }
    },
    "csv-generate": {
      "version": "4.2.1",
      "resolved": "https://registry.npmjs.org/csv-generate/-/csv-generate-4.2.1.tgz",
      "integrity": "sha512-w6GFHjvApv6bcJ2xdi9JGsH6ZvUBfC+vUdfefnEzurXG6hMRwzkBLnhztU2H7v7+zfCk1I/knnQ+tGbgpxWrBw=="
    },
    "csv-parse": {
      "version": "5.3.3",
      "resolved": "https://registry.npmjs.org/csv-parse/-/csv-parse-5.3.3.tgz",
      "integrity": "sha512-kEWkAPleNEdhFNkHQpFHu9RYPogsFj3dx6bCxL847fsiLgidzWg0z/O0B1kVWMJUc5ky64zGp18LX2T3DQrOfw=="
    },
    "csv-stringify": {
      "version": "6.2.3",
      "resolved": "https://registry.npmjs.org/csv-stringify/-/csv-stringify-6.2.3.tgz",
      "integrity": "sha512-4qGjUMwnlaRc00gc2jrIYh2w/h1fo25B0mTuY9K8fBiIgtmCX3LcgUbrEGViL98Ci4Se/F5LFEtu8k+dItJVZQ=="
    },
    "csv-writer": {
      "version": "1.6.0",
      "resolved": "https://registry.npmjs.org/csv-writer/-/csv-writer-1.6.0.tgz",
      "integrity": "sha512-NOx7YDFWEsM/fTRAJjRpPp8t+MKRVvniAg9wQlUKx20MFrPs73WLJhFf5iteqrxNYnsy924K3Iroh3yNHeYd2g=="
    },
    "fs": {
      "version": "0.0.1-security",
      "resolved": "https://registry.npmjs.org/fs/-/fs-0.0.1-security.tgz",
      "integrity": "sha512-3XY9e1pP0CVEUCdj5BmfIZxRBTSDycnbqhIOGec9QYtmVH2fbLpj86CFWkrNOkt/Fvty4KZG5lTglL9j/gJ87w=="
    },
    "stream-transform": {
      "version": "3.2.1",
      "resolved": "https://registry.npmjs.org/stream-transform/-/stream-transform-3.2.1.tgz",
      "integrity": "sha512-ApK+WTJ5bCOf0A2tlec1qhvr8bGEBM/sgXXB7mysdCYgZJO5DZeaV3h3G+g0HnAQ372P5IhiGqnW29zoLOfTzQ=="
    },
    "typescript": {
      "version": "4.9.4",
      "resolved": "https://registry.npmjs.org/typescript/-/typescript-4.9.4.tgz",
      "integrity": "sha512-Uz+dTXYzxXXbsFpM86Wh3dKCxrQqUcVMxwU54orwlJjOpO3ao8L7j5lH+dWfTwgCwIuM9GQ2kvVotzYJMXTBZg=="
    }
  }
}
